
Microsoft Visual Studio Solution File, Format Version 12.00
# Visual Studio 15
VisualStudioVersion = 15.0.33919.361
MinimumVisualStudioVersion = 10.0.40219.1
Project("{F184B08F-C81C-45F6-A57F-5ABD9991F28F}") = "sangmaojung vb", "sangmaojung vb\sangmaojung vb.vbproj", "{EAA40145-B02E-4EF0-96CD-1E7CF86DF439}"
EndProject
Global
	GlobalSection(SolutionConfigurationPlatforms) = preSolution
		Debug|Any CPU = Debug|Any CPU
		Release|Any CPU = Release|Any CPU
	EndGlobalSection
	GlobalSection(ProjectConfigurationPlatforms) = postSolution
		{EAA40145-B02E-4EF0-96CD-1E7CF86DF439}.Debug|Any CPU.ActiveCfg = Debug|Any CPU
		{EAA40145-B02E-4EF0-96CD-1E7CF86DF439}.Debug|Any CPU.Build.0 = Debug|Any CPU
		{EAA40145-B02E-4EF0-96CD-1E7CF86DF439}.Release|Any CPU.ActiveCfg = Release|Any CPU
		{EAA40145-B02E-4EF0-96CD-1E7CF86DF439}.Release|Any CPU.Build.0 = Release|Any CPU
	EndGlobalSection
	GlobalSection(SolutionProperties) = preSolution
		HideSolutionNode = FALSE
	EndGlobalSection
	GlobalSection(ExtensibilityGlobals) = postSolution
		SolutionGuid = {332DDEA8-25DD-4F08-B7CD-F72BD39C8FDF}
	EndGlobalSection
EndGlobal
